// !$*UTF8*$!
{
	archiveVersion = 1;
	classes = {
	};
	objectVersion = 56;
	objects = {

/* Begin PBXBuildFile section */
		93CD55EB2B2AC988009DC8D2 /* myProjectApp.swift in Sources */ = {isa = PBXBuildFile; fileRef = 93CD55EA2B2AC988009DC8D2 /* myProjectApp.swift */; };
		93CD55ED2B2AC988009DC8D2 /* ContentView.swift in Sources */ = {isa = PBXBuildFile; fileRef = 93CD55EC2B2AC988009DC8D2 /* ContentView.swift */; };
		93CD55EF2B2AC989009DC8D2 /* Assets.xcassets in Resources */ = {isa = PBXBuildFile; fileRef = 93CD55EE2B2AC989009DC8D2 /* Assets.xcassets */; };
		93CD55F22B2AC989009DC8D2 /* Preview Assets.xcassets in Resources */ = {isa = PBXBuildFile; fileRef = 93CD55F12B2AC989009DC8D2 /* Preview Assets.xcassets */; };
		93CD55FC2B2AC989009DC8D2 /* myProjectTests.swift in Sources */ = {isa = PBXBuildFile; fileRef = 93CD55FB2B2AC989009DC8D2 /* myProjectTests.swift */; };
		93CD56062B2AC989009DC8D2 /* myProjectUITests.swift in Sources */ = {isa = PBXBuildFile; fileRef = 93CD56052B2AC989009DC8D2 /* myProjectUITests.swift */; };
		93CD56082B2AC989009DC8D2 /* myProjectUITestsLaunchTests.swift in Sources */ = {isa = PBXBuildFile; fileRef = 93CD56072B2AC989009DC8D2 /* myProjectUITestsLaunchTests.swift */; };
/* End PBXBuildFile section */

/* Begin PBXContainerItemProxy section */
		93CD55F82B2AC989009DC8D2 /* PBXContainerItemProxy */ = {
			isa = PBXContainerItemProxy;
			containerPortal = 93CD55DF2B2AC988009DC8D2 /* Project object */;
			proxyType = 1;
			remoteGlobalIDString = 93CD55E62B2AC988009DC8D2;
			remoteInfo = myProject;
		};
		93CD56022B2AC989009DC8D2 /* PBXContainerItemProxy */ = {
			isa = PBXContainerItemProxy;
			containerPortal = 93CD55DF2B2AC988009DC8D2 /* Project object */;
			proxyType = 1;
			remoteGlobalIDString = 93CD55E62B2AC988009DC8D2;
			remoteInfo = myProject;
		};
/* End PBXContainerItemProxy section */

/* Begin PBXFileReference section */
		93CD55E72B2AC988009DC8D2 /* myProject.app */ = {isa = PBXFileReference; explicitFileType = wrapper.application; includeInIndex = 0; path = myProject.app; sourceTree = BUILT_PRODUCTS_DIR; };
		93CD55EA2B2AC988009DC8D2 /* myProjectApp.swift */ = {isa = PBXFileReference; lastKnownFileType = sourcecode.swift; path = myProjectApp.swift; sourceTree = "<group>"; };
		93CD55EC2B2AC988009DC8D2 /* ContentView.swift */ = {isa = PBXFileReference; lastKnownFileType = sourcecode.swift; path = ContentView.swift; sourceTree = "<group>"; };
		93CD55EE2B2AC989009DC8D2 /* Assets.xcassets */ = {isa = PBXFileReference; lastKnownFileType = folder.assetcatalog; path = Assets.xcassets; sourceTree = "<group>"; };
		93CD55F12B2AC989009DC8D2 /* Preview Assets.xcassets */ = {isa = PBXFileReference; lastKnownFileType = folder.assetcatalog; path = "Preview Assets.xcassets"; sourceTree = "<group>"; };
		93CD55F72B2AC989009DC8D2 /* myProjectTests.xctest */ = {isa = PBXFileReference; explicitFileType = wrapper.cfbundle; includeInIndex = 0; path = myProjectTests.xctest; sourceTree = BUILT_PRODUCTS_DIR; };
		93CD55FB2B2AC989009DC8D2 /* myProjectTests.swift */ = {isa = PBXFileReference; lastKnownFileType = sourcecode.swift; path = myProjectTests.swift; sourceTree = "<group>"; };
		93CD56012B2AC989009DC8D2 /* myProjectUITests.xctest */ = {isa = PBXFileReference; explicitFileType = wrapper.cfbundle; includeInIndex = 0; path = myProjectUITests.xctest; sourceTree = BUILT_PRODUCTS_DIR; };
		93CD56052B2AC989009DC8D2 /* myProjectUITests.swift */ = {isa = PBXFileReference; lastKnownFileType = sourcecode.swift; path = myProjectUITests.swift; sourceTree = "<group>"; };
		93CD56072B2AC989009DC8D2 /* myProjectUITestsLaunchTests.swift */ = {isa = PBXFileReference; lastKnownFileType = sourcecode.swift; path = myProjectUITestsLaunchTests.swift; sourceTree = "<group>"; };
/* End PBXFileReference section */

/* Begin PBXFrameworksBuildPhase section */
		93CD55E42B2AC988009DC8D2 /* Frameworks */ = {
			isa = PBXFrameworksBuildPhase;
			buildActionMask = 2147483647;
			files = (
			);
			runOnlyForDeploymentPostprocessing = 0;
		};
		93CD55F42B2AC989009DC8D2 /* Frameworks */ = {
			isa = PBXFrameworksBuildPhase;
			buildActionMask = 2147483647;
			files = (
			);
			runOnlyForDeploymentPostprocessing = 0;
		};
		93CD55FE2B2AC989009DC8D2 /* Frameworks */ = {
			isa = PBXFrameworksBuildPhase;
			buildActionMask = 2147483647;
			files = (
			);
			runOnlyForDeploymentPostprocessing = 0;
		};
/* End PBXFrameworksBuildPhase section */

/* Begin PBXGroup section */
		93CD55DE2B2AC988009DC8D2 = {
			isa = PBXGroup;
			children = (
				93CD55E92B2AC988009DC8D2 /* myProject */,
				93CD55FA2B2AC989009DC8D2 /* myProjectTests */,
				93CD56042B2AC989009DC8D2 /* myProjectUITests */,
				93CD55E82B2AC988009DC8D2 /* Products */,
			);
			sourceTree = "<group>";
		};
		93CD55E82B2AC988009DC8D2 /* Products */ = {
			isa = PBXGroup;
			children = (
				93CD55E72B2AC988009DC8D2 /* myProject.app */,
				93CD55F72B2AC989009DC8D2 /* myProjectTests.xctest */,
				93CD56012B2AC989009DC8D2 /* myProjectUITests.xctest */,
			);
			name = Products;
			sourceTree = "<group>";
		};
		93CD55E92B2AC988009DC8D2 /* myProject */ = {
			isa = PBXGroup;
			children = (
				93CD55EA2B2AC988009DC8D2 /* myProjectApp.swift */,
				93CD55EC2B2AC988009DC8D2 /* ContentView.swift */,
				93CD55EE2B2AC989009DC8D2 /* Assets.xcassets */,
				93CD55F02B2AC989009DC8D2 /* Preview Content */,
			);
			path = myProject;
			sourceTree = "<group>";
		};
		93CD55F02B2AC989009DC8D2 /* Preview Content */ = {
			isa = PBXGroup;
			children = (
				93CD55F12B2AC989009DC8D2 /* Preview Assets.xcassets */,
			);
			path = "Preview Content";
			sourceTree = "<group>";
		};
		93CD55FA2B2AC989009DC8D2 /* myProjectTests */ = {
			isa = PBXGroup;
			children = (
				93CD55FB2B2AC989009DC8D2 /* myProjectTests.swift */,
			);
			path = myProjectTests;
			sourceTree = "<group>";
		};
		93CD56042B2AC989009DC8D2 /* myProjectUITests */ = {
			isa = PBXGroup;
			children = (
				93CD56052B2AC989009DC8D2 /* myProjectUITests.swift */,
				93CD56072B2AC989009DC8D2 /* myProjectUITestsLaunchTests.swift */,
			);
			path = myProjectUITests;
			sourceTree = "<group>";
		};
/* End PBXGroup section */

/* Begin PBXNativeTarget section */
		93CD55E62B2AC988009DC8D2 /* myProject */ = {
			isa = PBXNativeTarget;
			buildConfigurationList = 93CD560B2B2AC989009DC8D2 /* Build configuration list for PBXNativeTarget "myProject" */;
			buildPhases = (
				93CD55E32B2AC988009DC8D2 /* Sources */,
				93CD55E42B2AC988009DC8D2 /* Frameworks */,
				93CD55E52B2AC988009DC8D2 /* Resources */,
			);
			buildRules = (
			);
			dependencies = (
			);
			name = myProject;
			productName = myProject;
			productReference = 93CD55E72B2AC988009DC8D2 /* myProject.app */;
			productType = "com.apple.product-type.application";
		};
		93CD55F62B2AC989009DC8D2 /* myProjectTests */ = {
			isa = PBXNativeTarget;
			buildConfigurationList = 93CD560E2B2AC989009DC8D2 /* Build configuration list for PBXNativeTarget "myProjectTests" */;
			buildPhases = (
				93CD55F32B2AC989009DC8D2 /* Sources */,
				93CD55F42B2AC989009DC8D2 /* Frameworks */,
				93CD55F52B2AC989009DC8D2 /* Resources */,
			);
			buildRules = (
			);
			dependencies = (
				93CD55F92B2AC989009DC8D2 /* PBXTargetDependency */,
			);
			name = myProjectTests;
			productName = myProjectTests;
			productReference = 93CD55F72B2AC989009DC8D2 /* myProjectTests.xctest */;
			productType = "com.apple.product-type.bundle.unit-test";
		};
		93CD56002B2AC989009DC8D2 /* myProjectUITests */ = {
			isa = PBXNativeTarget;
			buildConfigurationList = 93CD56112B2AC989009DC8D2 /* Build configuration list for PBXNativeTarget "myProjectUITests" */;
			buildPhases = (
				93CD55FD2B2AC989009DC8D2 /* Sources */,
				93CD55FE2B2AC989009DC8D2 /* Frameworks */,
				93CD55FF2B2AC989009DC8D2 /* Resources */,
			);
			buildRules = (
			);
			dependencies = (
				93CD56032B2AC989009DC8D2 /* PBXTargetDependency */,
			);
			name = myProjectUITests;
			productName = myProjectUITests;
			productReference = 93CD56012B2AC989009DC8D2 /* myProjectUITests.xctest */;
			productType = "com.apple.product-type.bundle.ui-testing";
		};
/* End PBXNativeTarget section */

/* Begin PBXProject section */
		93CD55DF2B2AC988009DC8D2 /* Project object */ = {
			isa = PBXProject;
			attributes = {
				BuildIndependentTargetsInParallel = 1;
				LastSwiftUpdateCheck = 1510;
				LastUpgradeCheck = 1510;
				TargetAttributes = {
					93CD55E62B2AC988009DC8D2 = {
						CreatedOnToolsVersion = 15.1;
					};
					93CD55F62B2AC989009DC8D2 = {
						CreatedOnToolsVersion = 15.1;
						TestTargetID = 93CD55E62B2AC988009DC8D2;
					};
					93CD56002B2AC989009DC8D2 = {
						CreatedOnToolsVersion = 15.1;
						TestTargetID = 93CD55E62B2AC988009DC8D2;
					};
				};
			};
			buildConfigurationList = 93CD55E22B2AC988009DC8D2 /* Build configuration list for PBXProject "myProject" */;
			compatibilityVersion = "Xcode 14.0";
			developmentRegion = en;
			hasScannedForEncodings = 0;
			knownRegions = (
				en,
				Base,
			);
			mainGroup = 93CD55DE2B2AC988009DC8D2;
			productRefGroup = 93CD55E82B2AC988009DC8D2 /* Products */;
			projectDirPath = "";
			projectRoot = "";
			targets = (
				93CD55E62B2AC988009DC8D2 /* myProject */,
				93CD55F62B2AC989009DC8D2 /* myProjectTests */,
				93CD56002B2AC989009DC8D2 /* myProjectUITests */,
			);
		};
/* End PBXProject section */

/* Begin PBXResourcesBuildPhase section */
		93CD55E52B2AC988009DC8D2 /* Resources */ = {
			isa = PBXResourcesBuildPhase;
			buildActionMask = 2147483647;
			files = (
				93CD55F22B2AC989009DC8D2 /* Preview Assets.xcassets in Resources */,
				93CD55EF2B2AC989009DC8D2 /* Assets.xcassets in Resources */,
			);
			runOnlyForDeploymentPostprocessing = 0;
		};
		93CD55F52B2AC989009DC8D2 /* Resources */ = {
			isa = PBXResourcesBuildPhase;
			buildActionMask = 2147483647;
			files = (
			);
			runOnlyForDeploymentPostprocessing = 0;
		};
		93CD55FF2B2AC989009DC8D2 /* Resources */ = {
			isa = PBXResourcesBuildPhase;
			buildActionMask = 2147483647;
			files = (
			);
			runOnlyForDeploymentPostprocessing = 0;
		};
/* End PBXResourcesBuildPhase section */

/* Begin PBXSourcesBuildPhase section */
		93CD55E32B2AC988009DC8D2 /* Sources */ = {
			isa = PBXSourcesBuildPhase;
			buildActionMask = 2147483647;
			files = (
				93CD55ED2B2AC988009DC8D2 /* ContentView.swift in Sources */,
				93CD55EB2B2AC988009DC8D2 /* myProjectApp.swift in Sources */,
			);
			runOnlyForDeploymentPostprocessing = 0;
		};
		93CD55F32B2AC989009DC8D2 /* Sources */ = {
			isa = PBXSourcesBuildPhase;
			buildActionMask = 2147483647;
			files = (
				93CD55FC2B2AC989009DC8D2 /* myProjectTests.swift in Sources */,
			);
			runOnlyForDeploymentPostprocessing = 0;
		};
		93CD55FD2B2AC989009DC8D2 /* Sources */ = {
			isa = PBXSourcesBuildPhase;
			buildActionMask = 2147483647;
			files = (
				93CD56082B2AC989009DC8D2 /* myProjectUITestsLaunchTests.swift in Sources */,
				93CD56062B2AC989009DC8D2 /* myProjectUITests.swift in Sources */,
			);
			runOnlyForDeploymentPostprocessing = 0;
		};
/* End PBXSourcesBuildPhase section */

/* Begin PBXTargetDependency section */
		93CD55F92B2AC989009DC8D2 /* PBXTargetDependency */ = {
			isa = PBXTargetDependency;
			target = 93CD55E62B2AC988009DC8D2 /* myProject */;
			targetProxy = 93CD55F82B2AC989009DC8D2 /* PBXContainerItemProxy */;
		};
		93CD56032B2AC989009DC8D2 /* PBXTargetDependency */ = {
			isa = PBXTargetDependency;
			target = 93CD55E62B2AC988009DC8D2 /* myProject */;
			targetProxy = 93CD56022B2AC989009DC8D2 /* PBXContainerItemProxy */;
		};
/* End PBXTargetDependency section */

/* Begin XCBuildConfiguration section */
		93CD56092B2AC989009DC8D2 /* Debug */ = {
			isa = XCBuildConfiguration;
			buildSettings = {
				ALWAYS_SEARCH_USER_PATHS = NO;
				ASSETCATALOG_COMPILER_GENERATE_SWIFT_ASSET_SYMBOL_EXTENSIONS = YES;
				CLANG_ANALYZER_NONNULL = YES;
				CLANG_ANALYZER_NUMBER_OBJECT_CONVERSION = YES_AGGRESSIVE;
				CLANG_CXX_LANGUAGE_STANDARD = "gnu++20";
				CLANG_ENABLE_MODULES = YES;
				CLANG_ENABLE_OBJC_ARC = YES;
				CLANG_ENABLE_OBJC_WEAK = YES;
				CLANG_WARN_BLOCK_CAPTURE_AUTORELEASING = YES;
				CLANG_WARN_BOOL_CONVERSION = YES;
				CLANG_WARN_COMMA = YES;
				CLANG_WARN_CONSTANT_CONVERSION = YES;
				CLANG_WARN_DEPRECATED_OBJC_IMPLEMENTATIONS = YES;
				CLANG_WARN_DIRECT_OBJC_ISA_USAGE = YES_ERROR;
				CLANG_WARN_DOCUMENTATION_COMMENTS = YES;
				CLANG_WARN_EMPTY_BODY = YES;
				CLANG_WARN_ENUM_CONVERSION = YES;
				CLANG_WARN_INFINITE_RECURSION = YES;
				CLANG_WARN_INT_CONVERSION = YES;
				CLANG_WARN_NON_LITERAL_NULL_CONVERSION = YES;
				CLANG_WARN_OBJC_IMPLICIT_RETAIN_SELF = YES;
				CLANG_WARN_OBJC_LITERAL_CONVERSION = YES;
				CLANG_WARN_OBJC_ROOT_CLASS = YES_ERROR;
				CLANG_WARN_QUOTED_INCLUDE_IN_FRAMEWORK_HEADER = YES;
				CLANG_WARN_RANGE_LOOP_ANALYSIS = YES;
				CLANG_WARN_STRICT_PROTOTYPES = YES;
				CLANG_WARN_SUSPICIOUS_MOVE = YES;
				CLANG_WARN_UNGUARDED_AVAILABILITY = YES_AGGRESSIVE;
				CLANG_WARN_UNREACHABLE_CODE = YES;
				CLANG_WARN__DUPLICATE_METHOD_MATCH = YES;
				COPY_PHASE_STRIP = NO;
				DEBUG_INFORMATION_FORMAT = dwarf;
				ENABLE_STRICT_OBJC_MSGSEND = YES;
				ENABLE_TESTABILITY = YES;
				ENABLE_USER_SCRIPT_SANDBOXING = YES;
				GCC_C_LANGUAGE_STANDARD = gnu17;
				GCC_DYNAMIC_NO_PIC = NO;
				GCC_NO_COMMON_BLOCKS = YES;
				GCC_OPTIMIZATION_LEVEL = 0;
				GCC_PREPROCESSOR_DEFINITIONS = (
					"DEBUG=1",
					"$(inherited)",
				);
				GCC_WARN_64_TO_32_BIT_CONVERSION = YES;
				GCC_WARN_ABOUT_RETURN_TYPE = YES_ERROR;
				GCC_WARN_UNDECLARED_SELECTOR = YES;
				GCC_WARN_UNINITIALIZED_AUTOS = YES_AGGRESSIVE;
				GCC_WARN_UNUSED_FUNCTION = YES;
				GCC_WARN_UNUSED_VARIABLE = YES;
				IPHONEOS_DEPLOYMENT_TARGET = 17.2;
				LOCALIZATION_PREFERS_STRING_CATALOGS = YES;
				MTL_ENABLE_DEBUG_INFO = INCLUDE_SOURCE;
				MTL_FAST_MATH = YES;
				ONLY_ACTIVE_ARCH = YES;
				SDKROOT = iphoneos;
				SWIFT_ACTIVE_COMPILATION_CONDITIONS = "DEBUG $(inherited)";
				SWIFT_OPTIMIZATION_LEVEL = "-Onone";
			};
			name = Debug;
		};
		93CD560A2B2AC989009DC8D2 /* Release */ = {
			isa = XCBuildConfiguration;
			buildSettings = {
				ALWAYS_SEARCH_USER_PATHS = NO;
				ASSETCATALOG_COMPILER_GENERATE_SWIFT_ASSET_SYMBOL_EXTENSIONS = YES;
				CLANG_ANALYZER_NONNULL = YES;
				CLANG_ANALYZER_NUMBER_OBJECT_CONVERSION = YES_AGGRESSIVE;
				CLANG_CXX_LANGUAGE_STANDARD = "gnu++20";
				CLANG_ENABLE_MODULES = YES;
				CLANG_ENABLE_OBJC_ARC = YES;
				CLANG_ENABLE_OBJC_WEAK = YES;
				CLANG_WARN_BLOCK_CAPTURE_AUTORELEASING = YES;
				CLANG_WARN_BOOL_CONVERSION = YES;
				CLANG_WARN_COMMA = YES;
				CLANG_WARN_CONSTANT_CONVERSION = YES;
				CLANG_WARN_DEPRECATED_OBJC_IMPLEMENTATIONS = YES;
				CLANG_WARN_DIRECT_OBJC_ISA_USAGE = YES_ERROR;
				CLANG_WARN_DOCUMENTATION_COMMENTS = YES;
				CLANG_WARN_EMPTY_BODY = YES;
				CLANG_WARN_ENUM_CONVERSION = YES;
				CLANG_WARN_INFINITE_RECURSION = YES;
				CLANG_WARN_INT_CONVERSION = YES;
				CLANG_WARN_NON_LITERAL_NULL_CONVERSION = YES;
				CLANG_WARN_OBJC_IMPLICIT_RETAIN_SELF = YES;
				CLANG_WARN_OBJC_LITERAL_CONVERSION = YES;
				CLANG_WARN_OBJC_ROOT_CLASS = YES_ERROR;
				CLANG_WARN_QUOTED_INCLUDE_IN_FRAMEWORK_HEADER = YES;
				CLANG_WARN_RANGE_LOOP_ANALYSIS = YES;
				CLANG_WARN_STRICT_PROTOTYPES = YES;
				CLANG_WARN_SUSPICIOUS_MOVE = YES;
				CLANG_WARN_UNGUARDED_AVAILABILITY = YES_AGGRESSIVE;
				CLANG_WARN_UNREACHABLE_CODE = YES;
				CLANG_WARN__DUPLICATE_METHOD_MATCH = YES;
				COPY_PHASE_STRIP = NO;
				DEBUG_INFORMATION_FORMAT = "dwarf-with-dsym";
				ENABLE_NS_ASSERTIONS = NO;
				ENABLE_STRICT_OBJC_MSGSEND = YES;
				ENABLE_USER_SCRIPT_SANDBOXING = YES;
				GCC_C_LANGUAGE_STANDARD = gnu17;
				GCC_NO_COMMON_BLOCKS = YES;
				GCC_WARN_64_TO_32_BIT_CONVERSION = YES;
				GCC_WARN_ABOUT_RETURN_TYPE = YES_ERROR;
				GCC_WARN_UNDECLARED_SELECTOR = YES;
				GCC_WARN_UNINITIALIZED_AUTOS = YES_AGGRESSIVE;
				GCC_WARN_UNUSED_FUNCTION = YES;
				GCC_WARN_UNUSED_VARIABLE = YES;
				IPHONEOS_DEPLOYMENT_TARGET = 17.2;
				LOCALIZATION_PREFERS_STRING_CATALOGS = YES;
				MTL_ENABLE_DEBUG_INFO = NO;
				MTL_FAST_MATH = YES;
				SDKROOT = iphoneos;
				SWIFT_COMPILATION_MODE = wholemodule;
				VALIDATE_PRODUCT = YES;
			};
			name = Release;
		};
		93CD560C2B2AC989009DC8D2 /* Debug */ = {
			isa = XCBuildConfiguration;
			buildSettings = {
				ASSETCATALOG_COMPILER_APPICON_NAME = AppIcon;
				ASSETCATALOG_COMPILER_GLOBAL_ACCENT_COLOR_NAME = AccentColor;
				CODE_SIGN_STYLE = Automatic;
				CURRENT_PROJECT_VERSION = 1;
				DEVELOPMENT_ASSET_PATHS = "\"myProject/Preview Content\"";
				ENABLE_PREVIEWS = YES;
				GENERATE_INFOPLIST_FILE = YES;
				INFOPLIST_KEY_UIApplicationSceneManifest_Generation = YES;
				INFOPLIST_KEY_UIApplicationSupportsIndirectInputEvents = YES;
				INFOPLIST_KEY_UILaunchScreen_Generation = YES;
				INFOPLIST_KEY_UISupportedInterfaceOrientations_iPad = "UIInterfaceOrientationPortrait UIInterfaceOrientationPortraitUpsideDown UIInterfaceOrientationLandscapeLeft UIInterfaceOrientationLandscapeRight";
				INFOPLIST_KEY_UISupportedInterfaceOrientations_iPhone = "UIInterfaceOrientationPortrait UIInterfaceOrientationLandscapeLeft UIInterfaceOrientationLandscapeRight";
				LD_RUNPATH_SEARCH_PATHS = (
					"$(inherited)",
					"@executable_path/Frameworks",
				);
				MARKETING_VERSION = 1.0;
				PRODUCT_BUNDLE_IDENTIFIER = buildkite.myProject;
				PRODUCT_NAME = "$(TARGET_NAME)";
				SWIFT_EMIT_LOC_STRINGS = YES;
				SWIFT_VERSION = 5.0;
				TARGETED_DEVICE_FAMILY = "1,2";
			};
			name = Debug;
		};
		93CD560D2B2AC989009DC8D2 /* Release */ = {
			isa = XCBuildConfiguration;
			buildSettings = {
				ASSETCATALOG_COMPILER_APPICON_NAME = AppIcon;
				ASSETCATALOG_COMPILER_GLOBAL_ACCENT_COLOR_NAME = AccentColor;
				CODE_SIGN_STYLE = Automatic;
				CURRENT_PROJECT_VERSION = 1;
				DEVELOPMENT_ASSET_PATHS = "\"myProject/Preview Content\"";
				ENABLE_PREVIEWS = YES;
				GENERATE_INFOPLIST_FILE = YES;
				INFOPLIST_KEY_UIApplicationSceneManifest_Generation = YES;
				INFOPLIST_KEY_UIApplicationSupportsIndirectInputEvents = YES;
				INFOPLIST_KEY_UILaunchScreen_Generation = YES;
				INFOPLIST_KEY_UISupportedInterfaceOrientations_iPad = "UIInterfaceOrientationPortrait UIInterfaceOrientationPortraitUpsideDown UIInterfaceOrientationLandscapeLeft UIInterfaceOrientationLandscapeRight";
				INFOPLIST_KEY_UISupportedInterfaceOrientations_iPhone = "UIInterfaceOrientationPortrait UIInterfaceOrientationLandscapeLeft UIInterfaceOrientationLandscapeRight";
				LD_RUNPATH_SEARCH_PATHS = (
					"$(inherited)",
					"@executable_path/Frameworks",
				);
				MARKETING_VERSION = 1.0;
				PRODUCT_BUNDLE_IDENTIFIER = buildkite.myProject;
				PRODUCT_NAME = "$(TARGET_NAME)";
				SWIFT_EMIT_LOC_STRINGS = YES;
				SWIFT_VERSION = 5.0;
				TARGETED_DEVICE_FAMILY = "1,2";
			};
			name = Release;
		};
		93CD560F2B2AC989009DC8D2 /* Debug */ = {
			isa = XCBuildConfiguration;
			buildSettings = {
				ALWAYS_EMBED_SWIFT_STANDARD_LIBRARIES = YES;
				BUNDLE_LOADER = "$(TEST_HOST)";
				CODE_SIGN_STYLE = Automatic;
				CURRENT_PROJECT_VERSION = 1;
				GENERATE_INFOPLIST_FILE = YES;
				IPHONEOS_DEPLOYMENT_TARGET = 17.2;
				MARKETING_VERSION = 1.0;
				PRODUCT_BUNDLE_IDENTIFIER = buildkite.myProjectTests;
				PRODUCT_NAME = "$(TARGET_NAME)";
				SWIFT_EMIT_LOC_STRINGS = NO;
				SWIFT_VERSION = 5.0;
				TARGETED_DEVICE_FAMILY = "1,2";
				TEST_HOST = "$(BUILT_PRODUCTS_DIR)/myProject.app/$(BUNDLE_EXECUTABLE_FOLDER_PATH)/myProject";
			};
			name = Debug;
		};
		93CD56102B2AC989009DC8D2 /* Release */ = {
			isa = XCBuildConfiguration;
			buildSettings = {
				ALWAYS_EMBED_SWIFT_STANDARD_LIBRARIES = YES;
				BUNDLE_LOADER = "$(TEST_HOST)";
				CODE_SIGN_STYLE = Automatic;
				CURRENT_PROJECT_VERSION = 1;
				GENERATE_INFOPLIST_FILE = YES;
				IPHONEOS_DEPLOYMENT_TARGET = 17.2;
				MARKETING_VERSION = 1.0;
				PRODUCT_BUNDLE_IDENTIFIER = buildkite.myProjectTests;
				PRODUCT_NAME = "$(TARGET_NAME)";
				SWIFT_EMIT_LOC_STRINGS = NO;
				SWIFT_VERSION = 5.0;
				TARGETED_DEVICE_FAMILY = "1,2";
				TEST_HOST = "$(BUILT_PRODUCTS_DIR)/myProject.app/$(BUNDLE_EXECUTABLE_FOLDER_PATH)/myProject";
			};
			name = Release;
		};
		93CD56122B2AC989009DC8D2 /* Debug */ = {
			isa = XCBuildConfiguration;
			buildSettings = {
				ALWAYS_EMBED_SWIFT_STANDARD_LIBRARIES = YES;
				CODE_SIGN_STYLE = Automatic;
				CURRENT_PROJECT_VERSION = 1;
				GENERATE_INFOPLIST_FILE = YES;
				MARKETING_VERSION = 1.0;
				PRODUCT_BUNDLE_IDENTIFIER = buildkite.myProjectUITests;
				PRODUCT_NAME = "$(TARGET_NAME)";
				SWIFT_EMIT_LOC_STRINGS = NO;
				SWIFT_VERSION = 5.0;
				TARGETED_DEVICE_FAMILY = "1,2";
				TEST_TARGET_NAME = myProject;
			};
			name = Debug;
		};
		93CD56132B2AC989009DC8D2 /* Release */ = {
			isa = XCBuildConfiguration;
			buildSettings = {
				ALWAYS_EMBED_SWIFT_STANDARD_LIBRARIES = YES;
				CODE_SIGN_STYLE = Automatic;
				CURRENT_PROJECT_VERSION = 1;
				GENERATE_INFOPLIST_FILE = YES;
				MARKETING_VERSION = 1.0;
				PRODUCT_BUNDLE_IDENTIFIER = buildkite.myProjectUITests;
				PRODUCT_NAME = "$(TARGET_NAME)";
				SWIFT_EMIT_LOC_STRINGS = NO;
				SWIFT_VERSION = 5.0;
				TARGETED_DEVICE_FAMILY = "1,2";
				TEST_TARGET_NAME = myProject;
			};
			name = Release;
		};
/* End XCBuildConfiguration section */

/* Begin XCConfigurationList section */
		93CD55E22B2AC988009DC8D2 /* Build configuration list for PBXProject "myProject" */ = {
			isa = XCConfigurationList;
			buildConfigurations = (
				93CD56092B2AC989009DC8D2 /* Debug */,
				93CD560A2B2AC989009DC8D2 /* Release */,
			);
			defaultConfigurationIsVisible = 0;
			defaultConfigurationName = Release;
		};
		93CD560B2B2AC989009DC8D2 /* Build configuration list for PBXNativeTarget "myProject" */ = {
			isa = XCConfigurationList;
			buildConfigurations = (
				93CD560C2B2AC989009DC8D2 /* Debug */,
				93CD560D2B2AC989009DC8D2 /* Release */,
			);
			defaultConfigurationIsVisible = 0;
			defaultConfigurationName = Release;
		};
		93CD560E2B2AC989009DC8D2 /* Build configuration list for PBXNativeTarget "myProjectTests" */ = {
			isa = XCConfigurationList;
			buildConfigurations = (
				93CD560F2B2AC989009DC8D2 /* Debug */,
				93CD56102B2AC989009DC8D2 /* Release */,
			);
			defaultConfigurationIsVisible = 0;
			defaultConfigurationName = Release;
		};
		93CD56112B2AC989009DC8D2 /* Build configuration list for PBXNativeTarget "myProjectUITests" */ = {
			isa = XCConfigurationList;
			buildConfigurations = (
				93CD56122B2AC989009DC8D2 /* Debug */,
				93CD56132B2AC989009DC8D2 /* Release */,
			);
			defaultConfigurationIsVisible = 0;
			defaultConfigurationName = Release;
		};
/* End XCConfigurationList section */
	};
	rootObject = 93CD55DF2B2AC988009DC8D2 /* Project object */;
}
